
Microsoft Visual Studio Solution File, Format Version 12.00
# Visual Studio Version 17
VisualStudioVersion = 17.11.35219.272
MinimumVisualStudioVersion = 10.0.40219.1
Project("{FAE04EC0-301F-11D3-BF4B-00C04F79EFBC}") = "SunPiontOfSaleFinalProject.App", "SunPiontOfSaleFinalProject\SunPiontOfSaleFinalProject.App.csproj", "{C6A12D39-3191-40AA-A502-8E096DC86AD4}"
EndProject
Project("{FAE04EC0-301F-11D3-BF4B-00C04F79EFBC}") = "SunPiontOfSaleFinalProject.Entiteis", "SunPiontOfSaleFinalProject.Entiteis\SunPiontOfSaleFinalProject.Entiteis.csproj", "{F7D071D9-4B58-4901-A409-E8C9509635F7}"
EndProject
Global
	GlobalSection(SolutionConfigurationPlatforms) = preSolution
		Debug|Any CPU = Debug|Any CPU
		Release|Any CPU = Release|Any CPU
	EndGlobalSection
	GlobalSection(ProjectConfigurationPlatforms) = postSolution
		{C6A12D39-3191-40AA-A502-8E096DC86AD4}.Debug|Any CPU.ActiveCfg = Debug|Any CPU
		{C6A12D39-3191-40AA-A502-8E096DC86AD4}.Debug|Any CPU.Build.0 = Debug|Any CPU
		{C6A12D39-3191-40AA-A502-8E096DC86AD4}.Release|Any CPU.ActiveCfg = Release|Any CPU
		{C6A12D39-3191-40AA-A502-8E096DC86AD4}.Release|Any CPU.Build.0 = Release|Any CPU
		{F7D071D9-4B58-4901-A409-E8C9509635F7}.Debug|Any CPU.ActiveCfg = Debug|Any CPU
		{F7D071D9-4B58-4901-A409-E8C9509635F7}.Debug|Any CPU.Build.0 = Debug|Any CPU
		{F7D071D9-4B58-4901-A409-E8C9509635F7}.Release|Any CPU.ActiveCfg = Release|Any CPU
		{F7D071D9-4B58-4901-A409-E8C9509635F7}.Release|Any CPU.Build.0 = Release|Any CPU
	EndGlobalSection
	GlobalSection(SolutionProperties) = preSolution
		HideSolutionNode = FALSE
	EndGlobalSection
	GlobalSection(ExtensibilityGlobals) = postSolution
		SolutionGuid = {F4E2851F-6220-46DB-83AF-ADA6A5631323}
	EndGlobalSection
EndGlobal
